{
  "name": "true",
  "version": "0.0.4",
  "lockfileVersion": 2,
  "requires": true,
  "packages": {
    "": {
      "name": "true",
      "version": "0.0.4",
      "license": "Apache-2.0",
      "bin": {
        "true": "bin/cli.js"
      },
      "devDependencies": {
        "jake": "0.7.x"
      }
    },
    "node_modules/jake": {
      "version": "0.7.20",
      "resolved": "https://registry.npmjs.org/jake/-/jake-0.7.20.tgz",
      "integrity": "sha512-q25Bd4BxZIEZUlVRWxSxtYTb3rRIXKyDTvBSA1TYAyITXMq835wTAVUkq2gUoZngLfy6n9pr+8BTjIuEvwNqiA==",
      "dev": true,
      "dependencies": {
        "minimatch": "0.2.x",
        "utilities": "0.0.x"
      },
      "bin": {
        "jake": "bin/cli.js"
      },
      "engines": {
        "node": "*"
      }
    },
    "node_modules/lru-cache": {
      "version": "2.7.3",
      "resolved": "https://registry.npmjs.org/lru-cache/-/lru-cache-2.7.3.tgz",
      "integrity": "sha512-WpibWJ60c3AgAz8a2iYErDrcT2C7OmKnsWhIcHOjkUHFjkXncJhtLxNSqUmxRxRunpb5I8Vprd7aNSd2NtksJQ==",
      "dev": true
    },
    "node_modules/minimatch": {
      "version": "0.2.14",
      "resolved": "https://registry.npmjs.org/minimatch/-/minimatch-0.2.14.tgz",
      "integrity": "sha512-zZ+Jy8lVWlvqqeM8iZB7w7KmQkoJn8djM585z88rywrEbzoqawVa9FR5p2hwD+y74nfuKOjmNvi9gtWJNLqHvA==",
      "deprecated": "Please update to minimatch 3.0.2 or higher to avoid a RegExp DoS issue",
      "dev": true,
      "dependencies": {
        "lru-cache": "2",
        "sigmund": "~1.0.0"
      },
      "engines": {
        "node": "*"
      }
    },
    "node_modules/sigmund": {
      "version": "1.0.1",
      "resolved": "https://registry.npmjs.org/sigmund/-/sigmund-1.0.1.tgz",
      "integrity": "sha512-fCvEXfh6NWpm+YSuY2bpXb/VIihqWA6hLsgboC+0nl71Q7N7o2eaCW8mJa/NLvQhs6jpd3VZV4UiUQlV6+lc8g==",
      "dev": true
    },
    "node_modules/utilities": {
      "version": "0.0.40",
      "resolved": "https://registry.npmjs.org/utilities/-/utilities-0.0.40.tgz",
      "integrity": "sha512-Cl2ToY7tLzVDxLbaZ5yVLFI9U2GoFgt71C+fAnTuGWqvavY+gUIXLF64BvS3KNzsZkrs7cuMVH+pOkLkMGYUAw==",
      "deprecated": "This package is no longer maintained and vulnerability exists.",
      "dev": true,
      "engines": {
        "node": "*"
      }
    }
  },
  "dependencies": {
    "jake": {
      "version": "0.7.20",
      "resolved": "https://registry.npmjs.org/jake/-/jake-0.7.20.tgz",
      "integrity": "sha512-q25Bd4BxZIEZUlVRWxSxtYTb3rRIXKyDTvBSA1TYAyITXMq835wTAVUkq2gUoZngLfy6n9pr+8BTjIuEvwNqiA==",
      "dev": true,
      "requires": {
        "minimatch": "0.2.x",
        "utilities": "0.0.x"
      }
    },
    "lru-cache": {
      "version": "2.7.3",
      "resolved": "https://registry.npmjs.org/lru-cache/-/lru-cache-2.7.3.tgz",
      "integrity": "sha512-WpibWJ60c3AgAz8a2iYErDrcT2C7OmKnsWhIcHOjkUHFjkXncJhtLxNSqUmxRxRunpb5I8Vprd7aNSd2NtksJQ==",
      "dev": true
    },
    "minimatch": {
      "version": "0.2.14",
      "resolved": "https://registry.npmjs.org/minimatch/-/minimatch-0.2.14.tgz",
      "integrity": "sha512-zZ+Jy8lVWlvqqeM8iZB7w7KmQkoJn8djM585z88rywrEbzoqawVa9FR5p2hwD+y74nfuKOjmNvi9gtWJNLqHvA==",
      "dev": true,
      "requires": {
        "lru-cache": "2",
        "sigmund": "~1.0.0"
      }
    },
    "sigmund": {
      "version": "1.0.1",
      "resolved": "https://registry.npmjs.org/sigmund/-/sigmund-1.0.1.tgz",
      "integrity": "sha512-fCvEXfh6NWpm+YSuY2bpXb/VIihqWA6hLsgboC+0nl71Q7N7o2eaCW8mJa/NLvQhs6jpd3VZV4UiUQlV6+lc8g==",
      "dev": true
    },
    "utilities": {
      "version": "0.0.40",
      "resolved": "https://registry.npmjs.org/utilities/-/utilities-0.0.40.tgz",
      "integrity": "sha512-Cl2ToY7tLzVDxLbaZ5yVLFI9U2GoFgt71C+fAnTuGWqvavY+gUIXLF64BvS3KNzsZkrs7cuMVH+pOkLkMGYUAw==",
      "dev": true
    }
  }
}
